// !$*UTF8*$!
{
	archiveVersion = 1;
	classes = {
	};
	objectVersion = 46;
	objects = {

/* Begin PBXBuildFile section */
		0B0DEC5A1D9CA5B5008233D4 /* YPOrderSegementControl.swift in Sources */ = {isa = PBXBuildFile; fileRef = 0B0DEC591D9CA5B5008233D4 /* YPOrderSegementControl.swift */; };
		0B0DEC5C1D9CB1DD008233D4 /* YPProjectInverstmentViewController.swift in Sources */ = {isa = PBXBuildFile; fileRef = 0B0DEC5B1D9CB1DD008233D4 /* YPProjectInverstmentViewController.swift */; };
		0B0DEC5E1D9CC180008233D4 /* YPProjectInverstmentTableViewCell.swift in Sources */ = {isa = PBXBuildFile; fileRef = 0B0DEC5D1D9CC180008233D4 /* YPProjectInverstmentTableViewCell.swift */; };
		0B0DEC611D9CE888008233D4 /* YPProjectInverstmentCellModel.swift in Sources */ = {isa = PBXBuildFile; fileRef = 0B0DEC601D9CE888008233D4 /* YPProjectInverstmentCellModel.swift */; };
		0B0DEC651D9CF7E3008233D4 /* project_inverstment_list.json in Resources */ = {isa = PBXBuildFile; fileRef = 0B0DEC641D9CF7E3008233D4 /* project_inverstment_list.json */; };
		0B0DEC6A1D9D08D2008233D4 /* CircleProgressBar.m in Sources */ = {isa = PBXBuildFile; fileRef = 0B0DEC691D9D08D2008233D4 /* CircleProgressBar.m */; };
		0B0DEC6C1D9D14B7008233D4 /* YPFilterView.swift in Sources */ = {isa = PBXBuildFile; fileRef = 0B0DEC6B1D9D14B7008233D4 /* YPFilterView.swift */; };
		0B0DEC6E1D9D1595008233D4 /* YPFilterCollectionViewCell.swift in Sources */ = {isa = PBXBuildFile; fileRef = 0B0DEC6D1D9D1595008233D4 /* YPFilterCollectionViewCell.swift */; };
		0B32BD381D9E39FA00543376 /* YPFilterCollectionHeaderView.swift in Sources */ = {isa = PBXBuildFile; fileRef = 0B32BD371D9E39FA00543376 /* YPFilterCollectionHeaderView.swift */; };
		0B32BD3D1D9E4BE200543376 /* YPProfileViewController.swift in Sources */ = {isa = PBXBuildFile; fileRef = 0B32BD3C1D9E4BE200543376 /* YPProfileViewController.swift */; };
		0B3A3B051DAB6ABF00A25ACA /* YPProjectMoneyView.swift in Sources */ = {isa = PBXBuildFile; fileRef = 0B3A3B041DAB6ABF00A25ACA /* YPProjectMoneyView.swift */; };
		0B3A3B071DAB6E9500A25ACA /* YPBankTableViewCell.swift in Sources */ = {isa = PBXBuildFile; fileRef = 0B3A3B061DAB6E9500A25ACA /* YPBankTableViewCell.swift */; };
		0B3A3B0B1DAB944C00A25ACA /* YPSegementControl.m in Sources */ = {isa = PBXBuildFile; fileRef = 0B3A3B0A1DAB944C00A25ACA /* YPSegementControl.m */; };
		0B410D071DACCCE500046621 /* YPSegementCollectionViewLayout.m in Sources */ = {isa = PBXBuildFile; fileRef = 0B410D061DACCCE500046621 /* YPSegementCollectionViewLayout.m */; };
		0B410D0A1DACDA1600046621 /* YPSegementSeparatorSupplementaryView.m in Sources */ = {isa = PBXBuildFile; fileRef = 0B410D091DACDA1600046621 /* YPSegementSeparatorSupplementaryView.m */; };
		0B43126B1D9BBE7C007AF496 /* Constant.swift in Sources */ = {isa = PBXBuildFile; fileRef = 0B43126A1D9BBE7C007AF496 /* Constant.swift */; };
		0B43126D1D9BC4A2007AF496 /* YPHomeCollectionViewCell.swift in Sources */ = {isa = PBXBuildFile; fileRef = 0B43126C1D9BC4A2007AF496 /* YPHomeCollectionViewCell.swift */; };
		0B84B8461DAA1B03006B9157 /* YPProjectDetailViewController.swift in Sources */ = {isa = PBXBuildFile; fileRef = 0B84B8451DAA1B03006B9157 /* YPProjectDetailViewController.swift */; };
		0B84B8481DAA1B57006B9157 /* YPProjectDetailHeaderView.swift in Sources */ = {isa = PBXBuildFile; fileRef = 0B84B8471DAA1B57006B9157 /* YPProjectDetailHeaderView.swift */; };
		0B85494C1D9E023A00DD4EDA /* YPRightBuyTableViewCell.swift in Sources */ = {isa = PBXBuildFile; fileRef = 0B85494B1D9E023A00DD4EDA /* YPRightBuyTableViewCell.swift */; };
		0B85494F1D9E0CE700DD4EDA /* YPRightBuyTableViewCellModel.swift in Sources */ = {isa = PBXBuildFile; fileRef = 0B85494E1D9E0CE700DD4EDA /* YPRightBuyTableViewCellModel.swift */; };
		0B8549511D9E0EC600DD4EDA /* YPRightBuyViewController.swift in Sources */ = {isa = PBXBuildFile; fileRef = 0B8549501D9E0EC600DD4EDA /* YPRightBuyViewController.swift */; };
		0B8549541D9E0FEA00DD4EDA /* right_buy_list.json in Resources */ = {isa = PBXBuildFile; fileRef = 0B8549531D9E0FEA00DD4EDA /* right_buy_list.json */; };
		0B8549571D9E182600DD4EDA /* NSString+DecimalFormat.m in Sources */ = {isa = PBXBuildFile; fileRef = 0B8549561D9E182600DD4EDA /* NSString+DecimalFormat.m */; };
		0B8549591D9E18B500DD4EDA /* StringExtensions.swift in Sources */ = {isa = PBXBuildFile; fileRef = 0B8549581D9E18B500DD4EDA /* StringExtensions.swift */; };
		0B9D17131DA8A30E00C04955 /* YPTranslationTransitionAnimator.m in Sources */ = {isa = PBXBuildFile; fileRef = 0B9D17121DA8A30E00C04955 /* YPTranslationTransitionAnimator.m */; };
		0BA8FC501D9B65DE0050BD61 /* main.m in Sources */ = {isa = PBXBuildFile; fileRef = 0BA8FC4F1D9B65DE0050BD61 /* main.m */; };
		0BA8FC531D9B65DE0050BD61 /* AppDelegate.m in Sources */ = {isa = PBXBuildFile; fileRef = 0BA8FC521D9B65DE0050BD61 /* AppDelegate.m */; };
		0BA8FC561D9B65DE0050BD61 /* ViewController.m in Sources */ = {isa = PBXBuildFile; fileRef = 0BA8FC551D9B65DE0050BD61 /* ViewController.m */; };
		0BA8FC5B1D9B65DE0050BD61 /* Assets.xcassets in Resources */ = {isa = PBXBuildFile; fileRef = 0BA8FC5A1D9B65DE0050BD61 /* Assets.xcassets */; };
		0BA8FC5E1D9B65DE0050BD61 /* LaunchScreen.storyboard in Resources */ = {isa = PBXBuildFile; fileRef = 0BA8FC5C1D9B65DE0050BD61 /* LaunchScreen.storyboard */; };
		0BA8FC691D9B65DE0050BD61 /* PropertyExchangeTests.m in Sources */ = {isa = PBXBuildFile; fileRef = 0BA8FC681D9B65DE0050BD61 /* PropertyExchangeTests.m */; };
		0BA8FC741D9B65DE0050BD61 /* PropertyExchangeUITests.m in Sources */ = {isa = PBXBuildFile; fileRef = 0BA8FC731D9B65DE0050BD61 /* PropertyExchangeUITests.m */; };
		0BAF70131D9B732A00E8E22F /* NSString+YPNetwork.m in Sources */ = {isa = PBXBuildFile; fileRef = 0BAF70051D9B732A00E8E22F /* NSString+YPNetwork.m */; };
		0BAF70141D9B732A00E8E22F /* YPHttpRequestProxy.m in Sources */ = {isa = PBXBuildFile; fileRef = 0BAF70071D9B732A00E8E22F /* YPHttpRequestProxy.m */; };
		0BAF70151D9B732A00E8E22F /* YPMethodInvoker.m in Sources */ = {isa = PBXBuildFile; fileRef = 0BAF70091D9B732A00E8E22F /* YPMethodInvoker.m */; };
		0BAF70161D9B732A00E8E22F /* YPNetworkConfiguration.m in Sources */ = {isa = PBXBuildFile; fileRef = 0BAF700D1D9B732A00E8E22F /* YPNetworkConfiguration.m */; };
		0BAF70171D9B732A00E8E22F /* YPNetworkManager.m in Sources */ = {isa = PBXBuildFile; fileRef = 0BAF70101D9B732A00E8E22F /* YPNetworkManager.m */; };
		0BAF70181D9B732A00E8E22F /* YPNetworkResponse.m in Sources */ = {isa = PBXBuildFile; fileRef = 0BAF70121D9B732A00E8E22F /* YPNetworkResponse.m */; };
		0BAF70241D9B733600E8E22F /* NSDate+UTC.m in Sources */ = {isa = PBXBuildFile; fileRef = 0BAF701B1D9B733600E8E22F /* NSDate+UTC.m */; };
		0BAF70251D9B733600E8E22F /* YPMembership.m in Sources */ = {isa = PBXBuildFile; fileRef = 0BAF701D1D9B733600E8E22F /* YPMembership.m */; };
		0BAF70261D9B733600E8E22F /* YPMembershipCacheItem.m in Sources */ = {isa = PBXBuildFile; fileRef = 0BAF701F1D9B733600E8E22F /* YPMembershipCacheItem.m */; };
		0BAF70271D9B733600E8E22F /* YPMembershipProvider.m in Sources */ = {isa = PBXBuildFile; fileRef = 0BAF70211D9B733600E8E22F /* YPMembershipProvider.m */; };
		0BAF70281D9B733600E8E22F /* YPMembershipUser.m in Sources */ = {isa = PBXBuildFile; fileRef = 0BAF70231D9B733600E8E22F /* YPMembershipUser.m */; };
		0BAF702F1D9B9F1700E8E22F /* YPUIViewController.m in Sources */ = {isa = PBXBuildFile; fileRef = 0BAF702E1D9B9F1700E8E22F /* YPUIViewController.m */; };
		0BAF703B1D9BA15A00E8E22F /* YPHomeHeaderView.m in Sources */ = {isa = PBXBuildFile; fileRef = 0BAF703A1D9BA15A00E8E22F /* YPHomeHeaderView.m */; };
		0BAF703F1D9BB04100E8E22F /* YPHomeTableViewCell.swift in Sources */ = {isa = PBXBuildFile; fileRef = 0BAF703E1D9BB04100E8E22F /* YPHomeTableViewCell.swift */; };
		0BAF70421D9BB0E900E8E22F /* UIColor.swift in Sources */ = {isa = PBXBuildFile; fileRef = 0BAF70411D9BB0E900E8E22F /* UIColor.swift */; };
		0BAF70481D9BB7B500E8E22F /* YPHomeTableViewController.swift in Sources */ = {isa = PBXBuildFile; fileRef = 0BAF70471D9BB7B500E8E22F /* YPHomeTableViewController.swift */; };
		0BB1A23F1DAB9E70002394CC /* YPSegementCollectionViewCell.m in Sources */ = {isa = PBXBuildFile; fileRef = 0BB1A23E1DAB9E70002394CC /* YPSegementCollectionViewCell.m */; };
		D3914B43CF8A6DE542659DB6 /* Pods_PropertyExchange.framework in Frameworks */ = {isa = PBXBuildFile; fileRef = 5F6E600A300D74AAB5089F9E /* Pods_PropertyExchange.framework */; };
/* End PBXBuildFile section */

/* Begin PBXContainerItemProxy section */
		0BA8FC651D9B65DE0050BD61 /* PBXContainerItemProxy */ = {
			isa = PBXContainerItemProxy;
			containerPortal = 0BA8FC431D9B65DE0050BD61 /* Project object */;
			proxyType = 1;
			remoteGlobalIDString = 0BA8FC4A1D9B65DE0050BD61;
			remoteInfo = PropertyExchange;
		};
		0BA8FC701D9B65DE0050BD61 /* PBXContainerItemProxy */ = {
			isa = PBXContainerItemProxy;
			containerPortal = 0BA8FC431D9B65DE0050BD61 /* Project object */;
			proxyType = 1;
			remoteGlobalIDString = 0BA8FC4A1D9B65DE0050BD61;
			remoteInfo = PropertyExchange;
		};
/* End PBXContainerItemProxy section */

/* Begin PBXFileReference section */
		0B0DEC591D9CA5B5008233D4 /* YPOrderSegementControl.swift */ = {isa = PBXFileReference; fileEncoding = 4; lastKnownFileType = sourcecode.swift; path = YPOrderSegementControl.swift; sourceTree = "<group>"; };
		0B0DEC5B1D9CB1DD008233D4 /* YPProjectInverstmentViewController.swift */ = {isa = PBXFileReference; fileEncoding = 4; lastKnownFileType = sourcecode.swift; path = YPProjectInverstmentViewController.swift; sourceTree = "<group>"; };
		0B0DEC5D1D9CC180008233D4 /* YPProjectInverstmentTableViewCell.swift */ = {isa = PBXFileReference; fileEncoding = 4; lastKnownFileType = sourcecode.swift; path = YPProjectInverstmentTableViewCell.swift; sourceTree = "<group>"; };
		0B0DEC601D9CE888008233D4 /* YPProjectInverstmentCellModel.swift */ = {isa = PBXFileReference; fileEncoding = 4; lastKnownFileType = sourcecode.swift; path = YPProjectInverstmentCellModel.swift; sourceTree = "<group>"; };
		0B0DEC641D9CF7E3008233D4 /* project_inverstment_list.json */ = {isa = PBXFileReference; fileEncoding = 4; lastKnownFileType = text.json; path = project_inverstment_list.json; sourceTree = "<group>"; };
		0B0DEC661D9D07F7008233D4 /* YPSwiftOCBridge.h */ = {isa = PBXFileReference; lastKnownFileType = sourcecode.c.h; path = YPSwiftOCBridge.h; sourceTree = "<group>"; };
		0B0DEC681D9D08D2008233D4 /* CircleProgressBar.h */ = {isa = PBXFileReference; fileEncoding = 4; lastKnownFileType = sourcecode.c.h; path = CircleProgressBar.h; sourceTree = "<group>"; };
		0B0DEC691D9D08D2008233D4 /* CircleProgressBar.m */ = {isa = PBXFileReference; fileEncoding = 4; lastKnownFileType = sourcecode.c.objc; path = CircleProgressBar.m; sourceTree = "<group>"; };
		0B0DEC6B1D9D14B7008233D4 /* YPFilterView.swift */ = {isa = PBXFileReference; fileEncoding = 4; lastKnownFileType = sourcecode.swift; path = YPFilterView.swift; sourceTree = "<group>"; };
		0B0DEC6D1D9D1595008233D4 /* YPFilterCollectionViewCell.swift */ = {isa = PBXFileReference; fileEncoding = 4; lastKnownFileType = sourcecode.swift; path = YPFilterCollectionViewCell.swift; sourceTree = "<group>"; };
		0B32BD371D9E39FA00543376 /* YPFilterCollectionHeaderView.swift */ = {isa = PBXFileReference; fileEncoding = 4; lastKnownFileType = sourcecode.swift; path = YPFilterCollectionHeaderView.swift; sourceTree = "<group>"; };
		0B32BD3C1D9E4BE200543376 /* YPProfileViewController.swift */ = {isa = PBXFileReference; fileEncoding = 4; lastKnownFileType = sourcecode.swift; path = YPProfileViewController.swift; sourceTree = "<group>"; };
		0B3A3B041DAB6ABF00A25ACA /* YPProjectMoneyView.swift */ = {isa = PBXFileReference; fileEncoding = 4; lastKnownFileType = sourcecode.swift; path = YPProjectMoneyView.swift; sourceTree = "<group>"; };
		0B3A3B061DAB6E9500A25ACA /* YPBankTableViewCell.swift */ = {isa = PBXFileReference; fileEncoding = 4; lastKnownFileType = sourcecode.swift; path = YPBankTableViewCell.swift; sourceTree = "<group>"; };
		0B3A3B091DAB944C00A25ACA /* YPSegementControl.h */ = {isa = PBXFileReference; fileEncoding = 4; lastKnownFileType = sourcecode.c.h; path = YPSegementControl.h; sourceTree = "<group>"; };
		0B3A3B0A1DAB944C00A25ACA /* YPSegementControl.m */ = {isa = PBXFileReference; fileEncoding = 4; lastKnownFileType = sourcecode.c.objc; path = YPSegementControl.m; sourceTree = "<group>"; };
		0B410D051DACCCE500046621 /* YPSegementCollectionViewLayout.h */ = {isa = PBXFileReference; fileEncoding = 4; lastKnownFileType = sourcecode.c.h; path = YPSegementCollectionViewLayout.h; sourceTree = "<group>"; };
		0B410D061DACCCE500046621 /* YPSegementCollectionViewLayout.m */ = {isa = PBXFileReference; fileEncoding = 4; lastKnownFileType = sourcecode.c.objc; path = YPSegementCollectionViewLayout.m; sourceTree = "<group>"; };
		0B410D081DACDA1600046621 /* YPSegementSeparatorSupplementaryView.h */ = {isa = PBXFileReference; fileEncoding = 4; lastKnownFileType = sourcecode.c.h; path = YPSegementSeparatorSupplementaryView.h; sourceTree = "<group>"; };
		0B410D091DACDA1600046621 /* YPSegementSeparatorSupplementaryView.m */ = {isa = PBXFileReference; fileEncoding = 4; lastKnownFileType = sourcecode.c.objc; path = YPSegementSeparatorSupplementaryView.m; sourceTree = "<group>"; };
		0B43126A1D9BBE7C007AF496 /* Constant.swift */ = {isa = PBXFileReference; fileEncoding = 4; lastKnownFileType = sourcecode.swift; path = Constant.swift; sourceTree = "<group>"; };
		0B43126C1D9BC4A2007AF496 /* YPHomeCollectionViewCell.swift */ = {isa = PBXFileReference; fileEncoding = 4; lastKnownFileType = sourcecode.swift; path = YPHomeCollectionViewCell.swift; sourceTree = "<group>"; };
		0B84B8451DAA1B03006B9157 /* YPProjectDetailViewController.swift */ = {isa = PBXFileReference; fileEncoding = 4; lastKnownFileType = sourcecode.swift; path = YPProjectDetailViewController.swift; sourceTree = "<group>"; };
		0B84B8471DAA1B57006B9157 /* YPProjectDetailHeaderView.swift */ = {isa = PBXFileReference; fileEncoding = 4; lastKnownFileType = sourcecode.swift; path = YPProjectDetailHeaderView.swift; sourceTree = "<group>"; };
		0B85494B1D9E023A00DD4EDA /* YPRightBuyTableViewCell.swift */ = {isa = PBXFileReference; fileEncoding = 4; lastKnownFileType = sourcecode.swift; path = YPRightBuyTableViewCell.swift; sourceTree = "<group>"; };
		0B85494E1D9E0CE700DD4EDA /* YPRightBuyTableViewCellModel.swift */ = {isa = PBXFileReference; fileEncoding = 4; lastKnownFileType = sourcecode.swift; path = YPRightBuyTableViewCellModel.swift; sourceTree = "<group>"; };
		0B8549501D9E0EC600DD4EDA /* YPRightBuyViewController.swift */ = {isa = PBXFileReference; fileEncoding = 4; lastKnownFileType = sourcecode.swift; path = YPRightBuyViewController.swift; sourceTree = "<group>"; };
		0B8549531D9E0FEA00DD4EDA /* right_buy_list.json */ = {isa = PBXFileReference; fileEncoding = 4; lastKnownFileType = text.json; path = right_buy_list.json; sourceTree = "<group>"; };
		0B8549551D9E182600DD4EDA /* NSString+DecimalFormat.h */ = {isa = PBXFileReference; fileEncoding = 4; lastKnownFileType = sourcecode.c.h; path = "NSString+DecimalFormat.h"; sourceTree = "<group>"; };
		0B8549561D9E182600DD4EDA /* NSString+DecimalFormat.m */ = {isa = PBXFileReference; fileEncoding = 4; lastKnownFileType = sourcecode.c.objc; path = "NSString+DecimalFormat.m"; sourceTree = "<group>"; };
		0B8549581D9E18B500DD4EDA /* StringExtensions.swift */ = {isa = PBXFileReference; fileEncoding = 4; lastKnownFileType = sourcecode.swift; path = StringExtensions.swift; sourceTree = "<group>"; };
		0B9D17111DA8A30E00C04955 /* YPTranslationTransitionAnimator.h */ = {isa = PBXFileReference; fileEncoding = 4; lastKnownFileType = sourcecode.c.h; name = YPTranslationTransitionAnimator.h; path = YPTransitionAnimator/YPTranslationTransitionAnimator.h; sourceTree = "<group>"; };
		0B9D17121DA8A30E00C04955 /* YPTranslationTransitionAnimator.m */ = {isa = PBXFileReference; fileEncoding = 4; lastKnownFileType = sourcecode.c.objc; name = YPTranslationTransitionAnimator.m; path = YPTransitionAnimator/YPTranslationTransitionAnimator.m; sourceTree = "<group>"; };
		0BA8FC4B1D9B65DE0050BD61 /* PropertyExchange.app */ = {isa = PBXFileReference; explicitFileType = wrapper.application; includeInIndex = 0; path = PropertyExchange.app; sourceTree = BUILT_PRODUCTS_DIR; };
		0BA8FC4F1D9B65DE0050BD61 /* main.m */ = {isa = PBXFileReference; lastKnownFileType = sourcecode.c.objc; path = main.m; sourceTree = "<group>"; };
		0BA8FC511D9B65DE0050BD61 /* AppDelegate.h */ = {isa = PBXFileReference; lastKnownFileType = sourcecode.c.h; path = AppDelegate.h; sourceTree = "<group>"; };
		0BA8FC521D9B65DE0050BD61 /* AppDelegate.m */ = {isa = PBXFileReference; lastKnownFileType = sourcecode.c.objc; path = AppDelegate.m; sourceTree = "<group>"; };
		0BA8FC541D9B65DE0050BD61 /* ViewController.h */ = {isa = PBXFileReference; lastKnownFileType = sourcecode.c.h; path = ViewController.h; sourceTree = "<group>"; };
		0BA8FC551D9B65DE0050BD61 /* ViewController.m */ = {isa = PBXFileReference; lastKnownFileType = sourcecode.c.objc; path = ViewController.m; sourceTree = "<group>"; };
		0BA8FC5A1D9B65DE0050BD61 /* Assets.xcassets */ = {isa = PBXFileReference; lastKnownFileType = folder.assetcatalog; path = Assets.xcassets; sourceTree = "<group>"; };
		0BA8FC5D1D9B65DE0050BD61 /* Base */ = {isa = PBXFileReference; lastKnownFileType = file.storyboard; name = Base; path = Base.lproj/LaunchScreen.storyboard; sourceTree = "<group>"; };
		0BA8FC5F1D9B65DE0050BD61 /* Info.plist */ = {isa = PBXFileReference; lastKnownFileType = text.plist.xml; path = Info.plist; sourceTree = "<group>"; };
		0BA8FC641D9B65DE0050BD61 /* PropertyExchangeTests.xctest */ = {isa = PBXFileReference; explicitFileType = wrapper.cfbundle; includeInIndex = 0; path = PropertyExchangeTests.xctest; sourceTree = BUILT_PRODUCTS_DIR; };
		0BA8FC681D9B65DE0050BD61 /* PropertyExchangeTests.m */ = {isa = PBXFileReference; lastKnownFileType = sourcecode.c.objc; path = PropertyExchangeTests.m; sourceTree = "<group>"; };
		0BA8FC6A1D9B65DE0050BD61 /* Info.plist */ = {isa = PBXFileReference; lastKnownFileType = text.plist.xml; path = Info.plist; sourceTree = "<group>"; };
		0BA8FC6F1D9B65DE0050BD61 /* PropertyExchangeUITests.xctest */ = {isa = PBXFileReference; explicitFileType = wrapper.cfbundle; includeInIndex = 0; path = PropertyExchangeUITests.xctest; sourceTree = BUILT_PRODUCTS_DIR; };
		0BA8FC731D9B65DE0050BD61 /* PropertyExchangeUITests.m */ = {isa = PBXFileReference; lastKnownFileType = sourcecode.c.objc; path = PropertyExchangeUITests.m; sourceTree = "<group>"; };
		0BA8FC751D9B65DE0050BD61 /* Info.plist */ = {isa = PBXFileReference; lastKnownFileType = text.plist.xml; path = Info.plist; sourceTree = "<group>"; };
		0BAF70001D9B722D00E8E22F /* PropertyExchange_PrefixHeader.h */ = {isa = PBXFileReference; lastKnownFileType = sourcecode.c.h; path = PropertyExchange_PrefixHeader.h; sourceTree = "<group>"; };
		0BAF70041D9B732A00E8E22F /* NSString+YPNetwork.h */ = {isa = PBXFileReference; fileEncoding = 4; lastKnownFileType = sourcecode.c.h; path = "NSString+YPNetwork.h"; sourceTree = "<group>"; };
		0BAF70051D9B732A00E8E22F /* NSString+YPNetwork.m */ = {isa = PBXFileReference; fileEncoding = 4; lastKnownFileType = sourcecode.c.objc; path = "NSString+YPNetwork.m"; sourceTree = "<group>"; };
		0BAF70061D9B732A00E8E22F /* YPHttpRequestProxy.h */ = {isa = PBXFileReference; fileEncoding = 4; lastKnownFileType = sourcecode.c.h; path = YPHttpRequestProxy.h; sourceTree = "<group>"; };
		0BAF70071D9B732A00E8E22F /* YPHttpRequestProxy.m */ = {isa = PBXFileReference; fileEncoding = 4; lastKnownFileType = sourcecode.c.objc; path = YPHttpRequestProxy.m; sourceTree = "<group>"; };
		0BAF70081D9B732A00E8E22F /* YPMethodInvoker.h */ = {isa = PBXFileReference; fileEncoding = 4; lastKnownFileType = sourcecode.c.h; path = YPMethodInvoker.h; sourceTree = "<group>"; };
		0BAF70091D9B732A00E8E22F /* YPMethodInvoker.m */ = {isa = PBXFileReference; fileEncoding = 4; lastKnownFileType = sourcecode.c.objc; path = YPMethodInvoker.m; sourceTree = "<group>"; };
		0BAF700A1D9B732A00E8E22F /* YPNetwork.h */ = {isa = PBXFileReference; fileEncoding = 4; lastKnownFileType = sourcecode.c.h; path = YPNetwork.h; sourceTree = "<group>"; };
		0BAF700B1D9B732A00E8E22F /* YPNetworkCommonHeader.h */ = {isa = PBXFileReference; fileEncoding = 4; lastKnownFileType = sourcecode.c.h; path = YPNetworkCommonHeader.h; sourceTree = "<group>"; };
		0BAF700C1D9B732A00E8E22F /* YPNetworkConfiguration.h */ = {isa = PBXFileReference; fileEncoding = 4; lastKnownFileType = sourcecode.c.h; path = YPNetworkConfiguration.h; sourceTree = "<group>"; };
		0BAF700D1D9B732A00E8E22F /* YPNetworkConfiguration.m */ = {isa = PBXFileReference; fileEncoding = 4; lastKnownFileType = sourcecode.c.objc; path = YPNetworkConfiguration.m; sourceTree = "<group>"; };
		0BAF700E1D9B732A00E8E22F /* YPNetworkInterceptor.h */ = {isa = PBXFileReference; fileEncoding = 4; lastKnownFileType = sourcecode.c.h; path = YPNetworkInterceptor.h; sourceTree = "<group>"; };
		0BAF700F1D9B732A00E8E22F /* YPNetworkManager.h */ = {isa = PBXFileReference; fileEncoding = 4; lastKnownFileType = sourcecode.c.h; path = YPNetworkManager.h; sourceTree = "<group>"; };
		0BAF70101D9B732A00E8E22F /* YPNetworkManager.m */ = {isa = PBXFileReference; fileEncoding = 4; lastKnownFileType = sourcecode.c.objc; path = YPNetworkManager.m; sourceTree = "<group>"; };
		0BAF70111D9B732A00E8E22F /* YPNetworkResponse.h */ = {isa = PBXFileReference; fileEncoding = 4; lastKnownFileType = sourcecode.c.h; path = YPNetworkResponse.h; sourceTree = "<group>"; };
		0BAF70121D9B732A00E8E22F /* YPNetworkResponse.m */ = {isa = PBXFileReference; fileEncoding = 4; lastKnownFileType = sourcecode.c.objc; path = YPNetworkResponse.m; sourceTree = "<group>"; };
		0BAF701A1D9B733600E8E22F /* NSDate+UTC.h */ = {isa = PBXFileReference; fileEncoding = 4; lastKnownFileType = sourcecode.c.h; path = "NSDate+UTC.h"; sourceTree = "<group>"; };
		0BAF701B1D9B733600E8E22F /* NSDate+UTC.m */ = {isa = PBXFileReference; fileEncoding = 4; lastKnownFileType = sourcecode.c.objc; path = "NSDate+UTC.m"; sourceTree = "<group>"; };
		0BAF701C1D9B733600E8E22F /* YPMembership.h */ = {isa = PBXFileReference; fileEncoding = 4; lastKnownFileType = sourcecode.c.h; path = YPMembership.h; sourceTree = "<group>"; };
		0BAF701D1D9B733600E8E22F /* YPMembership.m */ = {isa = PBXFileReference; fileEncoding = 4; lastKnownFileType = sourcecode.c.objc; path = YPMembership.m; sourceTree = "<group>"; };
		0BAF701E1D9B733600E8E22F /* YPMembershipCacheItem.h */ = {isa = PBXFileReference; fileEncoding = 4; lastKnownFileType = sourcecode.c.h; path = YPMembershipCacheItem.h; sourceTree = "<group>"; };
		0BAF701F1D9B733600E8E22F /* YPMembershipCacheItem.m */ = {isa = PBXFileReference; fileEncoding = 4; lastKnownFileType = sourcecode.c.objc; path = YPMembershipCacheItem.m; sourceTree = "<group>"; };
		0BAF70201D9B733600E8E22F /* YPMembershipProvider.h */ = {isa = PBXFileReference; fileEncoding = 4; lastKnownFileType = sourcecode.c.h; path = YPMembershipProvider.h; sourceTree = "<group>"; };
		0BAF70211D9B733600E8E22F /* YPMembershipProvider.m */ = {isa = PBXFileReference; fileEncoding = 4; lastKnownFileType = sourcecode.c.objc; path = YPMembershipProvider.m; sourceTree = "<group>"; };
		0BAF70221D9B733600E8E22F /* YPMembershipUser.h */ = {isa = PBXFileReference; fileEncoding = 4; lastKnownFileType = sourcecode.c.h; path = YPMembershipUser.h; sourceTree = "<group>"; };
		0BAF70231D9B733600E8E22F /* YPMembershipUser.m */ = {isa = PBXFileReference; fileEncoding = 4; lastKnownFileType = sourcecode.c.objc; path = YPMembershipUser.m; sourceTree = "<group>"; };
		0BAF702A1D9B9C9300E8E22F /* PropertyExchange-Bridging-Header.h */ = {isa = PBXFileReference; lastKnownFileType = sourcecode.c.h; path = "PropertyExchange-Bridging-Header.h"; sourceTree = "<group>"; };
		0BAF702D1D9B9F1700E8E22F /* YPUIViewController.h */ = {isa = PBXFileReference; fileEncoding = 4; lastKnownFileType = sourcecode.c.h; path = YPUIViewController.h; sourceTree = "<group>"; };
		0BAF702E1D9B9F1700E8E22F /* YPUIViewController.m */ = {isa = PBXFileReference; fileEncoding = 4; lastKnownFileType = sourcecode.c.objc; path = YPUIViewController.m; sourceTree = "<group>"; };
		0BAF70391D9BA15A00E8E22F /* YPHomeHeaderView.h */ = {isa = PBXFileReference; fileEncoding = 4; lastKnownFileType = sourcecode.c.h; path = YPHomeHeaderView.h; sourceTree = "<group>"; };
		0BAF703A1D9BA15A00E8E22F /* YPHomeHeaderView.m */ = {isa = PBXFileReference; fileEncoding = 4; lastKnownFileType = sourcecode.c.objc; path = YPHomeHeaderView.m; sourceTree = "<group>"; };
		0BAF703E1D9BB04100E8E22F /* YPHomeTableViewCell.swift */ = {isa = PBXFileReference; fileEncoding = 4; lastKnownFileType = sourcecode.swift; path = YPHomeTableViewCell.swift; sourceTree = "<group>"; };
		0BAF70411D9BB0E900E8E22F /* UIColor.swift */ = {isa = PBXFileReference; fileEncoding = 4; lastKnownFileType = sourcecode.swift; path = UIColor.swift; sourceTree = "<group>"; };
		0BAF70471D9BB7B500E8E22F /* YPHomeTableViewController.swift */ = {isa = PBXFileReference; fileEncoding = 4; lastKnownFileType = sourcecode.swift; path = YPHomeTableViewController.swift; sourceTree = "<group>"; };
		0BB1A23D1DAB9E70002394CC /* YPSegementCollectionViewCell.h */ = {isa = PBXFileReference; fileEncoding = 4; lastKnownFileType = sourcecode.c.h; path = YPSegementCollectionViewCell.h; sourceTree = "<group>"; };
		0BB1A23E1DAB9E70002394CC /* YPSegementCollectionViewCell.m */ = {isa = PBXFileReference; fileEncoding = 4; lastKnownFileType = sourcecode.c.objc; path = YPSegementCollectionViewCell.m; sourceTree = "<group>"; };
		5F6E600A300D74AAB5089F9E /* Pods_PropertyExchange.framework */ = {isa = PBXFileReference; explicitFileType = wrapper.framework; includeInIndex = 0; path = Pods_PropertyExchange.framework; sourceTree = BUILT_PRODUCTS_DIR; };
		AEAB9C128D46A40107F206E0 /* Pods-PropertyExchange.release.xcconfig */ = {isa = PBXFileReference; includeInIndex = 1; lastKnownFileType = text.xcconfig; name = "Pods-PropertyExchange.release.xcconfig"; path = "Pods/Target Support Files/Pods-PropertyExchange/Pods-PropertyExchange.release.xcconfig"; sourceTree = "<group>"; };
		EBDC78CF8873168C415EAD2A /* Pods-PropertyExchange.debug.xcconfig */ = {isa = PBXFileReference; includeInIndex = 1; lastKnownFileType = text.xcconfig; name = "Pods-PropertyExchange.debug.xcconfig"; path = "Pods/Target Support Files/Pods-PropertyExchange/Pods-PropertyExchange.debug.xcconfig"; sourceTree = "<group>"; };
/* End PBXFileReference section */

/* Begin PBXFrameworksBuildPhase section */
		0BA8FC481D9B65DE0050BD61 /* Frameworks */ = {
			isa = PBXFrameworksBuildPhase;
			buildActionMask = 2147483647;
			files = (
				D3914B43CF8A6DE542659DB6 /* Pods_PropertyExchange.framework in Frameworks */,
			);
			runOnlyForDeploymentPostprocessing = 0;
		};
		0BA8FC611D9B65DE0050BD61 /* Frameworks */ = {
			isa = PBXFrameworksBuildPhase;
			buildActionMask = 2147483647;
			files = (
			);
			runOnlyForDeploymentPostprocessing = 0;
		};
		0BA8FC6C1D9B65DE0050BD61 /* Frameworks */ = {
			isa = PBXFrameworksBuildPhase;
			buildActionMask = 2147483647;
			files = (
			);
			runOnlyForDeploymentPostprocessing = 0;
		};
/* End PBXFrameworksBuildPhase section */

/* Begin PBXGroup section */
		09D2DD7303190F61ECFA0B77 /* Frameworks */ = {
			isa = PBXGroup;
			children = (
				5F6E600A300D74AAB5089F9E /* Pods_PropertyExchange.framework */,
			);
			name = Frameworks;
			sourceTree = "<group>";
		};
		0B0DEC561D9CA514008233D4 /* ProjectInvestment */ = {
			isa = PBXGroup;
			children = (
				0B0DEC5F1D9CE857008233D4 /* Model */,
				0B0DEC581D9CA552008233D4 /* Controller */,
				0B0DEC571D9CA54B008233D4 /* View */,
			);
			name = ProjectInvestment;
			sourceTree = "<group>";
		};
		0B0DEC571D9CA54B008233D4 /* View */ = {
			isa = PBXGroup;
			children = (
				0B0DEC591D9CA5B5008233D4 /* YPOrderSegementControl.swift */,
				0B0DEC5D1D9CC180008233D4 /* YPProjectInverstmentTableViewCell.swift */,
				0B0DEC6B1D9D14B7008233D4 /* YPFilterView.swift */,
				0B0DEC6D1D9D1595008233D4 /* YPFilterCollectionViewCell.swift */,
				0B32BD371D9E39FA00543376 /* YPFilterCollectionHeaderView.swift */,
			);
			name = View;
			sourceTree = "<group>";
		};
		0B0DEC581D9CA552008233D4 /* Controller */ = {
			isa = PBXGroup;
			children = (
				0B0DEC5B1D9CB1DD008233D4 /* YPProjectInverstmentViewController.swift */,
			);
			name = Controller;
			sourceTree = "<group>";
		};
		0B0DEC5F1D9CE857008233D4 /* Model */ = {
			isa = PBXGroup;
			children = (
				0B0DEC601D9CE888008233D4 /* YPProjectInverstmentCellModel.swift */,
			);
			name = Model;
			sourceTree = "<group>";
		};
		0B0DEC671D9D08D2008233D4 /* CircleProgressBar */ = {
			isa = PBXGroup;
			children = (
				0B0DEC681D9D08D2008233D4 /* CircleProgressBar.h */,
				0B0DEC691D9D08D2008233D4 /* CircleProgressBar.m */,
			);
			path = CircleProgressBar;
			sourceTree = "<group>";
		};
		0B32BD391D9E4BB100543376 /* User */ = {
			isa = PBXGroup;
			children = (
				0B32BD3B1D9E4BC400543376 /* View */,
				0B32BD3A1D9E4BBE00543376 /* Controller */,
			);
			name = User;
			sourceTree = "<group>";
		};
		0B32BD3A1D9E4BBE00543376 /* Controller */ = {
			isa = PBXGroup;
			children = (
				0B32BD3C1D9E4BE200543376 /* YPProfileViewController.swift */,
			);
			name = Controller;
			sourceTree = "<group>";
		};
		0B32BD3B1D9E4BC400543376 /* View */ = {
			isa = PBXGroup;
			children = (
			);
			name = View;
			sourceTree = "<group>";
		};
		0B3A3B081DAB934200A25ACA /* YPSegementControl */ = {
			isa = PBXGroup;
			children = (
				0B3A3B091DAB944C00A25ACA /* YPSegementControl.h */,
				0B3A3B0A1DAB944C00A25ACA /* YPSegementControl.m */,
				0BB1A23D1DAB9E70002394CC /* YPSegementCollectionViewCell.h */,
				0BB1A23E1DAB9E70002394CC /* YPSegementCollectionViewCell.m */,
				0B410D051DACCCE500046621 /* YPSegementCollectionViewLayout.h */,
				0B410D061DACCCE500046621 /* YPSegementCollectionViewLayout.m */,
				0B410D081DACDA1600046621 /* YPSegementSeparatorSupplementaryView.h */,
				0B410D091DACDA1600046621 /* YPSegementSeparatorSupplementaryView.m */,
			);
			path = YPSegementControl;
			sourceTree = "<group>";
		};
		0B84B8411DAA1AC7006B9157 /* ProjectDetail */ = {
			isa = PBXGroup;
			children = (
				0B84B8431DAA1AD7006B9157 /* View */,
				0B84B8421DAA1AD1006B9157 /* Controller */,
			);
			name = ProjectDetail;
			sourceTree = "<group>";
		};
		0B84B8421DAA1AD1006B9157 /* Controller */ = {
			isa = PBXGroup;
			children = (
				0B84B8451DAA1B03006B9157 /* YPProjectDetailViewController.swift */,
			);
			name = Controller;
			sourceTree = "<group>";
		};
		0B84B8431DAA1AD7006B9157 /* View */ = {
			isa = PBXGroup;
			children = (
				0B84B8471DAA1B57006B9157 /* YPProjectDetailHeaderView.swift */,
				0B3A3B041DAB6ABF00A25ACA /* YPProjectMoneyView.swift */,
				0B3A3B061DAB6E9500A25ACA /* YPBankTableViewCell.swift */,
			);
			name = View;
			sourceTree = "<group>";
		};
		0B8549491D9E020000DD4EDA /* RightBuy */ = {
			isa = PBXGroup;
			children = (
				0B8549521D9E0ED400DD4EDA /* Controller */,
				0B85494D1D9E0C4400DD4EDA /* Model */,
				0B85494A1D9E020C00DD4EDA /* View */,
			);
			name = RightBuy;
			sourceTree = "<group>";
		};
		0B85494A1D9E020C00DD4EDA /* View */ = {
			isa = PBXGroup;
			children = (
				0B85494B1D9E023A00DD4EDA /* YPRightBuyTableViewCell.swift */,
			);
			name = View;
			sourceTree = "<group>";
		};
		0B85494D1D9E0C4400DD4EDA /* Model */ = {
			isa = PBXGroup;
			children = (
				0B85494E1D9E0CE700DD4EDA /* YPRightBuyTableViewCellModel.swift */,
			);
			name = Model;
			sourceTree = "<group>";
		};
		0B8549521D9E0ED400DD4EDA /* Controller */ = {
			isa = PBXGroup;
			children = (
				0B8549501D9E0EC600DD4EDA /* YPRightBuyViewController.swift */,
			);
			name = Controller;
			sourceTree = "<group>";
		};
		0B9D17101DA8A18400C04955 /* TransitionAnimation */ = {
			isa = PBXGroup;
			children = (
				0B9D17111DA8A30E00C04955 /* YPTranslationTransitionAnimator.h */,
				0B9D17121DA8A30E00C04955 /* YPTranslationTransitionAnimator.m */,
			);
			name = TransitionAnimation;
			sourceTree = "<group>";
		};
		0BA8FC421D9B65DE0050BD61 = {
			isa = PBXGroup;
			children = (
				0BA8FC4D1D9B65DE0050BD61 /* PropertyExchange */,
				0BA8FC671D9B65DE0050BD61 /* PropertyExchangeTests */,
				0BA8FC721D9B65DE0050BD61 /* PropertyExchangeUITests */,
				0BA8FC4C1D9B65DE0050BD61 /* Products */,
				E6CFC3C2D9168030D80B9003 /* Pods */,
				09D2DD7303190F61ECFA0B77 /* Frameworks */,
			);
			indentWidth = 2;
			sourceTree = "<group>";
			tabWidth = 2;
		};
		0BA8FC4C1D9B65DE0050BD61 /* Products */ = {
			isa = PBXGroup;
			children = (
				0BA8FC4B1D9B65DE0050BD61 /* PropertyExchange.app */,
				0BA8FC641D9B65DE0050BD61 /* PropertyExchangeTests.xctest */,
				0BA8FC6F1D9B65DE0050BD61 /* PropertyExchangeUITests.xctest */,
			);
			name = Products;
			sourceTree = "<group>";
		};
		0BA8FC4D1D9B65DE0050BD61 /* PropertyExchange */ = {
			isa = PBXGroup;
			children = (
				0BAF6FFE1D9B70B200E8E22F /* Resource */,
				0BAF6FFD1D9B706200E8E22F /* Pages */,
				0BAF6FFC1D9B6FF000E8E22F /* Infrastructure */,
				0BAF6FFB1D9B6FDB00E8E22F /* Main */,
				0BA8FC541D9B65DE0050BD61 /* ViewController.h */,
				0BA8FC551D9B65DE0050BD61 /* ViewController.m */,
				0BA8FC5C1D9B65DE0050BD61 /* LaunchScreen.storyboard */,
				0BA8FC4E1D9B65DE0050BD61 /* Supporting Files */,
			);
			path = PropertyExchange;
			sourceTree = "<group>";
		};
		0BA8FC4E1D9B65DE0050BD61 /* Supporting Files */ = {
			isa = PBXGroup;
			children = (
				0BA8FC4F1D9B65DE0050BD61 /* main.m */,
			);
			name = "Supporting Files";
			sourceTree = "<group>";
		};
		0BA8FC671D9B65DE0050BD61 /* PropertyExchangeTests */ = {
			isa = PBXGroup;
			children = (
				0BA8FC681D9B65DE0050BD61 /* PropertyExchangeTests.m */,
				0BA8FC6A1D9B65DE0050BD61 /* Info.plist */,
			);
			path = PropertyExchangeTests;
			sourceTree = "<group>";
		};
		0BA8FC721D9B65DE0050BD61 /* PropertyExchangeUITests */ = {
			isa = PBXGroup;
			children = (
				0BA8FC731D9B65DE0050BD61 /* PropertyExchangeUITests.m */,
				0BA8FC751D9B65DE0050BD61 /* Info.plist */,
			);
			path = PropertyExchangeUITests;
			sourceTree = "<group>";
		};
		0BAF6FFB1D9B6FDB00E8E22F /* Main */ = {
			isa = PBXGroup;
			children = (
				0BA8FC511D9B65DE0050BD61 /* AppDelegate.h */,
				0BA8FC521D9B65DE0050BD61 /* AppDelegate.m */,
				0BA8FC5F1D9B65DE0050BD61 /* Info.plist */,
				0BAF702A1D9B9C9300E8E22F /* PropertyExchange-Bridging-Header.h */,
				0BAF70001D9B722D00E8E22F /* PropertyExchange_PrefixHeader.h */,
				0B0DEC661D9D07F7008233D4 /* YPSwiftOCBridge.h */,
			);
			name = Main;
			sourceTree = "<group>";
		};
		0BAF6FFC1D9B6FF000E8E22F /* Infrastructure */ = {
			isa = PBXGroup;
			children = (
				0BAF70401D9BB0DE00E8E22F /* extensions */,
				0BAF70011D9B72F900E8E22F /* libs */,
			);
			name = Infrastructure;
			sourceTree = "<group>";
		};
		0BAF6FFD1D9B706200E8E22F /* Pages */ = {
			isa = PBXGroup;
			children = (
				0B84B8411DAA1AC7006B9157 /* ProjectDetail */,
				0B32BD391D9E4BB100543376 /* User */,
				0B8549491D9E020000DD4EDA /* RightBuy */,
				0B0DEC561D9CA514008233D4 /* ProjectInvestment */,
				0BAF70301D9BA00B00E8E22F /* Home */,
				0BAF70291D9B9C5300E8E22F /* Test */,
			);
			name = Pages;
			sourceTree = "<group>";
		};
		0BAF6FFE1D9B70B200E8E22F /* Resource */ = {
			isa = PBXGroup;
			children = (
				0B8549531D9E0FEA00DD4EDA /* right_buy_list.json */,
				0B0DEC641D9CF7E3008233D4 /* project_inverstment_list.json */,
				0BA8FC5A1D9B65DE0050BD61 /* Assets.xcassets */,
			);
			name = Resource;
			sourceTree = "<group>";
		};
		0BAF70011D9B72F900E8E22F /* libs */ = {
			isa = PBXGroup;
			children = (
				0B3A3B081DAB934200A25ACA /* YPSegementControl */,
				0B9D17101DA8A18400C04955 /* TransitionAnimation */,
				0B0DEC671D9D08D2008233D4 /* CircleProgressBar */,
				0BAF70191D9B733600E8E22F /* YPMembership */,
				0BAF70021D9B732A00E8E22F /* YPNetwork */,
			);
			name = libs;
			sourceTree = "<group>";
		};
		0BAF70021D9B732A00E8E22F /* YPNetwork */ = {
			isa = PBXGroup;
			children = (
				0BAF70031D9B732A00E8E22F /* Category */,
				0BAF70061D9B732A00E8E22F /* YPHttpRequestProxy.h */,
				0BAF70071D9B732A00E8E22F /* YPHttpRequestProxy.m */,
				0BAF70081D9B732A00E8E22F /* YPMethodInvoker.h */,
				0BAF70091D9B732A00E8E22F /* YPMethodInvoker.m */,
				0BAF700A1D9B732A00E8E22F /* YPNetwork.h */,
				0BAF700B1D9B732A00E8E22F /* YPNetworkCommonHeader.h */,
				0BAF700C1D9B732A00E8E22F /* YPNetworkConfiguration.h */,
				0BAF700D1D9B732A00E8E22F /* YPNetworkConfiguration.m */,
				0BAF700E1D9B732A00E8E22F /* YPNetworkInterceptor.h */,
				0BAF700F1D9B732A00E8E22F /* YPNetworkManager.h */,
				0BAF70101D9B732A00E8E22F /* YPNetworkManager.m */,
				0BAF70111D9B732A00E8E22F /* YPNetworkResponse.h */,
				0BAF70121D9B732A00E8E22F /* YPNetworkResponse.m */,
			);
			path = YPNetwork;
			sourceTree = "<group>";
		};
		0BAF70031D9B732A00E8E22F /* Category */ = {
			isa = PBXGroup;
			children = (
				0BAF70041D9B732A00E8E22F /* NSString+YPNetwork.h */,
				0BAF70051D9B732A00E8E22F /* NSString+YPNetwork.m */,
			);
			path = Category;
			sourceTree = "<group>";
		};
		0BAF70191D9B733600E8E22F /* YPMembership */ = {
			isa = PBXGroup;
			children = (
				0BAF701A1D9B733600E8E22F /* NSDate+UTC.h */,
				0BAF701B1D9B733600E8E22F /* NSDate+UTC.m */,
				0BAF701C1D9B733600E8E22F /* YPMembership.h */,
				0BAF701D1D9B733600E8E22F /* YPMembership.m */,
				0BAF701E1D9B733600E8E22F /* YPMembershipCacheItem.h */,
				0BAF701F1D9B733600E8E22F /* YPMembershipCacheItem.m */,
				0BAF70201D9B733600E8E22F /* YPMembershipProvider.h */,
				0BAF70211D9B733600E8E22F /* YPMembershipProvider.m */,
				0BAF70221D9B733600E8E22F /* YPMembershipUser.h */,
				0BAF70231D9B733600E8E22F /* YPMembershipUser.m */,
			);
			path = YPMembership;
			sourceTree = "<group>";
		};
		0BAF70291D9B9C5300E8E22F /* Test */ = {
			isa = PBXGroup;
			children = (
				0BAF702D1D9B9F1700E8E22F /* YPUIViewController.h */,
				0BAF702E1D9B9F1700E8E22F /* YPUIViewController.m */,
			);
			name = Test;
			sourceTree = "<group>";
		};
		0BAF70301D9BA00B00E8E22F /* Home */ = {
			isa = PBXGroup;
			children = (
				0BAF70321D9BA02200E8E22F /* View */,
				0BAF70311D9BA01D00E8E22F /* Controller */,
			);
			name = Home;
			sourceTree = "<group>";
		};
		0BAF70311D9BA01D00E8E22F /* Controller */ = {
			isa = PBXGroup;
			children = (
				0BAF70471D9BB7B500E8E22F /* YPHomeTableViewController.swift */,
			);
			name = Controller;
			sourceTree = "<group>";
		};
		0BAF70321D9BA02200E8E22F /* View */ = {
			isa = PBXGroup;
			children = (
				0BAF70391D9BA15A00E8E22F /* YPHomeHeaderView.h */,
				0BAF703A1D9BA15A00E8E22F /* YPHomeHeaderView.m */,
				0BAF703E1D9BB04100E8E22F /* YPHomeTableViewCell.swift */,
				0B43126C1D9BC4A2007AF496 /* YPHomeCollectionViewCell.swift */,
			);
			name = View;
			sourceTree = "<group>";
		};
		0BAF70401D9BB0DE00E8E22F /* extensions */ = {
			isa = PBXGroup;
			children = (
				0B43126A1D9BBE7C007AF496 /* Constant.swift */,
				0BAF70411D9BB0E900E8E22F /* UIColor.swift */,
				0B8549551D9E182600DD4EDA /* NSString+DecimalFormat.h */,
				0B8549561D9E182600DD4EDA /* NSString+DecimalFormat.m */,
				0B8549581D9E18B500DD4EDA /* StringExtensions.swift */,
			);
			name = extensions;
			sourceTree = "<group>";
		};
		E6CFC3C2D9168030D80B9003 /* Pods */ = {
			isa = PBXGroup;
			children = (
				EBDC78CF8873168C415EAD2A /* Pods-PropertyExchange.debug.xcconfig */,
				AEAB9C128D46A40107F206E0 /* Pods-PropertyExchange.release.xcconfig */,
			);
			name = Pods;
			sourceTree = "<group>";
		};
/* End PBXGroup section */

/* Begin PBXNativeTarget section */
		0BA8FC4A1D9B65DE0050BD61 /* PropertyExchange */ = {
			isa = PBXNativeTarget;
			buildConfigurationList = 0BA8FC781D9B65DE0050BD61 /* Build configuration list for PBXNativeTarget "PropertyExchange" */;
			buildPhases = (
				C4711822B5582D36E5FA79D4 /* Check Pods Manifest.lock */,
				0BA8FC471D9B65DE0050BD61 /* Sources */,
				0BA8FC481D9B65DE0050BD61 /* Frameworks */,
				0BA8FC491D9B65DE0050BD61 /* Resources */,
				0787434B7CB8DD9D67E836B5 /* Embed Pods Frameworks */,
				193E969ED1C9980D55D24216 /* Copy Pods Resources */,
				0BAF6FFF1D9B717400E8E22F /* ShellScript */,
			);
			buildRules = (
			);
			dependencies = (
			);
			name = PropertyExchange;
			productName = PropertyExchange;
			productReference = 0BA8FC4B1D9B65DE0050BD61 /* PropertyExchange.app */;
			productType = "com.apple.product-type.application";
		};
		0BA8FC631D9B65DE0050BD61 /* PropertyExchangeTests */ = {
			isa = PBXNativeTarget;
			buildConfigurationList = 0BA8FC7B1D9B65DE0050BD61 /* Build configuration list for PBXNativeTarget "PropertyExchangeTests" */;
			buildPhases = (
				0BA8FC601D9B65DE0050BD61 /* Sources */,
				0BA8FC611D9B65DE0050BD61 /* Frameworks */,
				0BA8FC621D9B65DE0050BD61 /* Resources */,
			);
			buildRules = (
			);
			dependencies = (
				0BA8FC661D9B65DE0050BD61 /* PBXTargetDependency */,
			);
			name = PropertyExchangeTests;
			productName = PropertyExchangeTests;
			productReference = 0BA8FC641D9B65DE0050BD61 /* PropertyExchangeTests.xctest */;
			productType = "com.apple.product-type.bundle.unit-test";
		};
		0BA8FC6E1D9B65DE0050BD61 /* PropertyExchangeUITests */ = {
			isa = PBXNativeTarget;
			buildConfigurationList = 0BA8FC7E1D9B65DE0050BD61 /* Build configuration list for PBXNativeTarget "PropertyExchangeUITests" */;
			buildPhases = (
				0BA8FC6B1D9B65DE0050BD61 /* Sources */,
				0BA8FC6C1D9B65DE0050BD61 /* Frameworks */,
				0BA8FC6D1D9B65DE0050BD61 /* Resources */,
			);
			buildRules = (
			);
			dependencies = (
				0BA8FC711D9B65DE0050BD61 /* PBXTargetDependency */,
			);
			name = PropertyExchangeUITests;
			productName = PropertyExchangeUITests;
			productReference = 0BA8FC6F1D9B65DE0050BD61 /* PropertyExchangeUITests.xctest */;
			productType = "com.apple.product-type.bundle.ui-testing";
		};
/* End PBXNativeTarget section */

/* Begin PBXProject section */
		0BA8FC431D9B65DE0050BD61 /* Project object */ = {
			isa = PBXProject;
			attributes = {
				LastUpgradeCheck = 0800;
				ORGANIZATIONNAME = com.itachi;
				TargetAttributes = {
					0BA8FC4A1D9B65DE0050BD61 = {
						CreatedOnToolsVersion = 8.0;
						DevelopmentTeam = 63B9F4PKVA;
						LastSwiftMigration = 0800;
						ProvisioningStyle = Automatic;
					};
					0BA8FC631D9B65DE0050BD61 = {
						CreatedOnToolsVersion = 8.0;
						DevelopmentTeam = 63B9F4PKVA;
						LastSwiftMigration = 0800;
						ProvisioningStyle = Automatic;
						TestTargetID = 0BA8FC4A1D9B65DE0050BD61;
					};
					0BA8FC6E1D9B65DE0050BD61 = {
						CreatedOnToolsVersion = 8.0;
						DevelopmentTeam = 63B9F4PKVA;
						LastSwiftMigration = 0800;
						ProvisioningStyle = Automatic;
						TestTargetID = 0BA8FC4A1D9B65DE0050BD61;
					};
				};
			};
			buildConfigurationList = 0BA8FC461D9B65DE0050BD61 /* Build configuration list for PBXProject "PropertyExchange" */;
			compatibilityVersion = "Xcode 3.2";
			developmentRegion = English;
			hasScannedForEncodings = 0;
			knownRegions = (
				en,
				Base,
			);
			mainGroup = 0BA8FC421D9B65DE0050BD61;
			productRefGroup = 0BA8FC4C1D9B65DE0050BD61 /* Products */;
			projectDirPath = "";
			projectRoot = "";
			targets = (
				0BA8FC4A1D9B65DE0050BD61 /* PropertyExchange */,
				0BA8FC631D9B65DE0050BD61 /* PropertyExchangeTests */,
				0BA8FC6E1D9B65DE0050BD61 /* PropertyExchangeUITests */,
			);
		};
/* End PBXProject section */

/* Begin PBXResourcesBuildPhase section */
		0BA8FC491D9B65DE0050BD61 /* Resources */ = {
			isa = PBXResourcesBuildPhase;
			buildActionMask = 2147483647;
			files = (
				0BA8FC5E1D9B65DE0050BD61 /* LaunchScreen.storyboard in Resources */,
				0B0DEC651D9CF7E3008233D4 /* project_inverstment_list.json in Resources */,
				0BA8FC5B1D9B65DE0050BD61 /* Assets.xcassets in Resources */,
				0B8549541D9E0FEA00DD4EDA /* right_buy_list.json in Resources */,
			);
			runOnlyForDeploymentPostprocessing = 0;
		};
		0BA8FC621D9B65DE0050BD61 /* Resources */ = {
			isa = PBXResourcesBuildPhase;
			buildActionMask = 2147483647;
			files = (
			);
			runOnlyForDeploymentPostprocessing = 0;
		};
		0BA8FC6D1D9B65DE0050BD61 /* Resources */ = {
			isa = PBXResourcesBuildPhase;
			buildActionMask = 2147483647;
			files = (
			);
			runOnlyForDeploymentPostprocessing = 0;
		};
/* End PBXResourcesBuildPhase section */

/* Begin PBXShellScriptBuildPhase section */
		0787434B7CB8DD9D67E836B5 /* Embed Pods Frameworks */ = {
			isa = PBXShellScriptBuildPhase;
			buildActionMask = 2147483647;
			files = (
			);
			inputPaths = (
			);
			name = "Embed Pods Frameworks";
			outputPaths = (
			);
			runOnlyForDeploymentPostprocessing = 0;
			shellPath = /bin/sh;
			shellScript = "\"${SRCROOT}/Pods/Target Support Files/Pods-PropertyExchange/Pods-PropertyExchange-frameworks.sh\"\n";
			showEnvVarsInLog = 0;
		};
		0BAF6FFF1D9B717400E8E22F /* ShellScript */ = {
			isa = PBXShellScriptBuildPhase;
			buildActionMask = 2147483647;
			files = (
			);
			inputPaths = (
			);
			outputPaths = (
			);
			runOnlyForDeploymentPostprocessing = 0;
			shellPath = /bin/sh;
			shellScript = "${PODS_ROOT}/Fabric/run 3dc9e03bd76ec04330cab3d75a4f298dd71825a7 f5625c3424d6e2947bc13a144c82a312a9123aa02104dceb626801e3206ea927";
		};
		193E969ED1C9980D55D24216 /* Copy Pods Resources */ = {
			isa = PBXShellScriptBuildPhase;
			buildActionMask = 2147483647;
			files = (
			);
			inputPaths = (
			);
			name = "Copy Pods Resources";
			outputPaths = (
			);
			runOnlyForDeploymentPostprocessing = 0;
			shellPath = /bin/sh;
			shellScript = "\"${SRCROOT}/Pods/Target Support Files/Pods-PropertyExchange/Pods-PropertyExchange-resources.sh\"\n";
			showEnvVarsInLog = 0;
		};
		C4711822B5582D36E5FA79D4 /* Check Pods Manifest.lock */ = {
			isa = PBXShellScriptBuildPhase;
			buildActionMask = 2147483647;
			files = (
			);
			inputPaths = (
			);
			name = "Check Pods Manifest.lock";
			outputPaths = (
			);
			runOnlyForDeploymentPostprocessing = 0;
			shellPath = /bin/sh;
			shellScript = "diff \"${PODS_ROOT}/../Podfile.lock\" \"${PODS_ROOT}/Manifest.lock\" > /dev/null\nif [[ $? != 0 ]] ; then\n    cat << EOM\nerror: The sandbox is not in sync with the Podfile.lock. Run 'pod install' or update your CocoaPods installation.\nEOM\n    exit 1\nfi\n";
			showEnvVarsInLog = 0;
		};
/* End PBXShellScriptBuildPhase section */

/* Begin PBXSourcesBuildPhase section */
		0BA8FC471D9B65DE0050BD61 /* Sources */ = {
			isa = PBXSourcesBuildPhase;
			buildActionMask = 2147483647;
			files = (
				0B0DEC6A1D9D08D2008233D4 /* CircleProgressBar.m in Sources */,
				0BAF70151D9B732A00E8E22F /* YPMethodInvoker.m in Sources */,
				0B85494F1D9E0CE700DD4EDA /* YPRightBuyTableViewCellModel.swift in Sources */,
				0B410D0A1DACDA1600046621 /* YPSegementSeparatorSupplementaryView.m in Sources */,
				0BA8FC561D9B65DE0050BD61 /* ViewController.m in Sources */,
				0B32BD381D9E39FA00543376 /* YPFilterCollectionHeaderView.swift in Sources */,
				0B410D071DACCCE500046621 /* YPSegementCollectionViewLayout.m in Sources */,
				0BAF70251D9B733600E8E22F /* YPMembership.m in Sources */,
				0B32BD3D1D9E4BE200543376 /* YPProfileViewController.swift in Sources */,
				0BAF70141D9B732A00E8E22F /* YPHttpRequestProxy.m in Sources */,
				0B8549591D9E18B500DD4EDA /* StringExtensions.swift in Sources */,
				0B84B8481DAA1B57006B9157 /* YPProjectDetailHeaderView.swift in Sources */,
				0BAF702F1D9B9F1700E8E22F /* YPUIViewController.m in Sources */,
				0B3A3B0B1DAB944C00A25ACA /* YPSegementControl.m in Sources */,
				0B0DEC6E1D9D1595008233D4 /* YPFilterCollectionViewCell.swift in Sources */,
				0BAF703F1D9BB04100E8E22F /* YPHomeTableViewCell.swift in Sources */,
				0B0DEC6C1D9D14B7008233D4 /* YPFilterView.swift in Sources */,
				0BAF70181D9B732A00E8E22F /* YPNetworkResponse.m in Sources */,
				0B0DEC5A1D9CA5B5008233D4 /* YPOrderSegementControl.swift in Sources */,
				0B85494C1D9E023A00DD4EDA /* YPRightBuyTableViewCell.swift in Sources */,
				0B84B8461DAA1B03006B9157 /* YPProjectDetailViewController.swift in Sources */,
				0B43126B1D9BBE7C007AF496 /* Constant.swift in Sources */,
				0B8549571D9E182600DD4EDA /* NSString+DecimalFormat.m in Sources */,
				0BAF70171D9B732A00E8E22F /* YPNetworkManager.m in Sources */,
				0B8549511D9E0EC600DD4EDA /* YPRightBuyViewController.swift in Sources */,
				0BAF70421D9BB0E900E8E22F /* UIColor.swift in Sources */,
				0B0DEC611D9CE888008233D4 /* YPProjectInverstmentCellModel.swift in Sources */,
				0B9D17131DA8A30E00C04955 /* YPTranslationTransitionAnimator.m in Sources */,
				0BAF70261D9B733600E8E22F /* YPMembershipCacheItem.m in Sources */,
				0B0DEC5E1D9CC180008233D4 /* YPProjectInverstmentTableViewCell.swift in Sources */,
				0BAF70281D9B733600E8E22F /* YPMembershipUser.m in Sources */,
				0B0DEC5C1D9CB1DD008233D4 /* YPProjectInverstmentViewController.swift in Sources */,
				0B3A3B051DAB6ABF00A25ACA /* YPProjectMoneyView.swift in Sources */,
				0BAF703B1D9BA15A00E8E22F /* YPHomeHeaderView.m in Sources */,
				0BAF70161D9B732A00E8E22F /* YPNetworkConfiguration.m in Sources */,
				0BAF70131D9B732A00E8E22F /* NSString+YPNetwork.m in Sources */,
				0BAF70241D9B733600E8E22F /* NSDate+UTC.m in Sources */,
				0BAF70481D9BB7B500E8E22F /* YPHomeTableViewController.swift in Sources */,
				0BA8FC531D9B65DE0050BD61 /* AppDelegate.m in Sources */,
				0B3A3B071DAB6E9500A25ACA /* YPBankTableViewCell.swift in Sources */,
				0BAF70271D9B733600E8E22F /* YPMembershipProvider.m in Sources */,
				0BA8FC501D9B65DE0050BD61 /* main.m in Sources */,
				0B43126D1D9BC4A2007AF496 /* YPHomeCollectionViewCell.swift in Sources */,
				0BB1A23F1DAB9E70002394CC /* YPSegementCollectionViewCell.m in Sources */,
			);
			runOnlyForDeploymentPostprocessing = 0;
		};
		0BA8FC601D9B65DE0050BD61 /* Sources */ = {
			isa = PBXSourcesBuildPhase;
			buildActionMask = 2147483647;
			files = (
				0BA8FC691D9B65DE0050BD61 /* PropertyExchangeTests.m in Sources */,
			);
			runOnlyForDeploymentPostprocessing = 0;
		};
		0BA8FC6B1D9B65DE0050BD61 /* Sources */ = {
			isa = PBXSourcesBuildPhase;
			buildActionMask = 2147483647;
			files = (
				0BA8FC741D9B65DE0050BD61 /* PropertyExchangeUITests.m in Sources */,
			);
			runOnlyForDeploymentPostprocessing = 0;
		};
/* End PBXSourcesBuildPhase section */

/* Begin PBXTargetDependency section */
		0BA8FC661D9B65DE0050BD61 /* PBXTargetDependency */ = {
			isa = PBXTargetDependency;
			target = 0BA8FC4A1D9B65DE0050BD61 /* PropertyExchange */;
			targetProxy = 0BA8FC651D9B65DE0050BD61 /* PBXContainerItemProxy */;
		};
		0BA8FC711D9B65DE0050BD61 /* PBXTargetDependency */ = {
			isa = PBXTargetDependency;
			target = 0BA8FC4A1D9B65DE0050BD61 /* PropertyExchange */;
			targetProxy = 0BA8FC701D9B65DE0050BD61 /* PBXContainerItemProxy */;
		};
/* End PBXTargetDependency section */

/* Begin PBXVariantGroup section */
		0BA8FC5C1D9B65DE0050BD61 /* LaunchScreen.storyboard */ = {
			isa = PBXVariantGroup;
			children = (
				0BA8FC5D1D9B65DE0050BD61 /* Base */,
			);
			name = LaunchScreen.storyboard;
			sourceTree = "<group>";
		};
/* End PBXVariantGroup section */

/* Begin XCBuildConfiguration section */
		0BA8FC761D9B65DE0050BD61 /* Debug */ = {
			isa = XCBuildConfiguration;
			buildSettings = {
				ALWAYS_SEARCH_USER_PATHS = NO;
				CLANG_ANALYZER_NONNULL = YES;
				CLANG_CXX_LANGUAGE_STANDARD = "gnu++0x";
				CLANG_CXX_LIBRARY = "libc++";
				CLANG_ENABLE_MODULES = YES;
				CLANG_ENABLE_OBJC_ARC = YES;
				CLANG_WARN_BOOL_CONVERSION = YES;
				CLANG_WARN_CONSTANT_CONVERSION = YES;
				CLANG_WARN_DIRECT_OBJC_ISA_USAGE = YES_ERROR;
				CLANG_WARN_DOCUMENTATION_COMMENTS = YES;
				CLANG_WARN_EMPTY_BODY = YES;
				CLANG_WARN_ENUM_CONVERSION = YES;
				CLANG_WARN_INFINITE_RECURSION = YES;
				CLANG_WARN_INT_CONVERSION = YES;
				CLANG_WARN_OBJC_ROOT_CLASS = YES_ERROR;
				CLANG_WARN_SUSPICIOUS_MOVES = YES;
				CLANG_WARN_UNREACHABLE_CODE = YES;
				CLANG_WARN__DUPLICATE_METHOD_MATCH = YES;
				"CODE_SIGN_IDENTITY[sdk=iphoneos*]" = "iPhone Developer";
				COPY_PHASE_STRIP = NO;
				DEBUG_INFORMATION_FORMAT = dwarf;
				ENABLE_STRICT_OBJC_MSGSEND = YES;
				ENABLE_TESTABILITY = YES;
				GCC_C_LANGUAGE_STANDARD = gnu99;
				GCC_DYNAMIC_NO_PIC = NO;
				GCC_NO_COMMON_BLOCKS = YES;
				GCC_OPTIMIZATION_LEVEL = 0;
				GCC_PREPROCESSOR_DEFINITIONS = (
					"DEBUG=1",
					"$(inherited)",
				);
				GCC_WARN_64_TO_32_BIT_CONVERSION = YES;
				GCC_WARN_ABOUT_RETURN_TYPE = YES_ERROR;
				GCC_WARN_UNDECLARED_SELECTOR = YES;
				GCC_WARN_UNINITIALIZED_AUTOS = YES_AGGRESSIVE;
				GCC_WARN_UNUSED_FUNCTION = YES;
				GCC_WARN_UNUSED_VARIABLE = YES;
				IPHONEOS_DEPLOYMENT_TARGET = 10.0;
				MTL_ENABLE_DEBUG_INFO = YES;
				ONLY_ACTIVE_ARCH = YES;
				SDKROOT = iphoneos;
			};
			name = Debug;
		};
		0BA8FC771D9B65DE0050BD61 /* Release */ = {
			isa = XCBuildConfiguration;
			buildSettings = {
				ALWAYS_SEARCH_USER_PATHS = NO;
				CLANG_ANALYZER_NONNULL = YES;
				CLANG_CXX_LANGUAGE_STANDARD = "gnu++0x";
				CLANG_CXX_LIBRARY = "libc++";
				CLANG_ENABLE_MODULES = YES;
				CLANG_ENABLE_OBJC_ARC = YES;
				CLANG_WARN_BOOL_CONVERSION = YES;
				CLANG_WARN_CONSTANT_CONVERSION = YES;
				CLANG_WARN_DIRECT_OBJC_ISA_USAGE = YES_ERROR;
				CLANG_WARN_DOCUMENTATION_COMMENTS = YES;
				CLANG_WARN_EMPTY_BODY = YES;
				CLANG_WARN_ENUM_CONVERSION = YES;
				CLANG_WARN_INFINITE_RECURSION = YES;
				CLANG_WARN_INT_CONVERSION = YES;
				CLANG_WARN_OBJC_ROOT_CLASS = YES_ERROR;
				CLANG_WARN_SUSPICIOUS_MOVES = YES;
				CLANG_WARN_UNREACHABLE_CODE = YES;
				CLANG_WARN__DUPLICATE_METHOD_MATCH = YES;
				"CODE_SIGN_IDENTITY[sdk=iphoneos*]" = "iPhone Developer";
				COPY_PHASE_STRIP = NO;
				DEBUG_INFORMATION_FORMAT = "dwarf-with-dsym";
				ENABLE_NS_ASSERTIONS = NO;
				ENABLE_STRICT_OBJC_MSGSEND = YES;
				GCC_C_LANGUAGE_STANDARD = gnu99;
				GCC_NO_COMMON_BLOCKS = YES;
				GCC_WARN_64_TO_32_BIT_CONVERSION = YES;
				GCC_WARN_ABOUT_RETURN_TYPE = YES_ERROR;
				GCC_WARN_UNDECLARED_SELECTOR = YES;
				GCC_WARN_UNINITIALIZED_AUTOS = YES_AGGRESSIVE;
				GCC_WARN_UNUSED_FUNCTION = YES;
				GCC_WARN_UNUSED_VARIABLE = YES;
				IPHONEOS_DEPLOYMENT_TARGET = 10.0;
				MTL_ENABLE_DEBUG_INFO = NO;
				SDKROOT = iphoneos;
				VALIDATE_PRODUCT = YES;
			};
			name = Release;
		};
		0BA8FC791D9B65DE0050BD61 /* Debug */ = {
			isa = XCBuildConfiguration;
			baseConfigurationReference = EBDC78CF8873168C415EAD2A /* Pods-PropertyExchange.debug.xcconfig */;
			buildSettings = {
				ASSETCATALOG_COMPILER_APPICON_NAME = AppIcon;
				CLANG_ENABLE_MODULES = YES;
				DEVELOPMENT_TEAM = 63B9F4PKVA;
				GCC_PREFIX_HEADER = PropertyExchange/PropertyExchange_PrefixHeader.h;
				INFOPLIST_FILE = PropertyExchange/Info.plist;
				IPHONEOS_DEPLOYMENT_TARGET = 8.0;
				LD_RUNPATH_SEARCH_PATHS = "$(inherited) @executable_path/Frameworks";
				PRODUCT_BUNDLE_IDENTIFIER = com.itachi.PropertyExchange;
				PRODUCT_NAME = "$(TARGET_NAME)";
				SWIFT_OBJC_BRIDGING_HEADER = "PropertyExchange/PropertyExchange-Bridging-Header.h";
				SWIFT_OPTIMIZATION_LEVEL = "-Onone";
				SWIFT_VERSION = 3.0;
			};
			name = Debug;
		};
		0BA8FC7A1D9B65DE0050BD61 /* Release */ = {
			isa = XCBuildConfiguration;
			baseConfigurationReference = AEAB9C128D46A40107F206E0 /* Pods-PropertyExchange.release.xcconfig */;
			buildSettings = {
				ASSETCATALOG_COMPILER_APPICON_NAME = AppIcon;
				CLANG_ENABLE_MODULES = YES;
				DEVELOPMENT_TEAM = 63B9F4PKVA;
				GCC_PREFIX_HEADER = PropertyExchange/PropertyExchange_PrefixHeader.h;
				INFOPLIST_FILE = PropertyExchange/Info.plist;
				IPHONEOS_DEPLOYMENT_TARGET = 8.0;
				LD_RUNPATH_SEARCH_PATHS = "$(inherited) @executable_path/Frameworks";
				PRODUCT_BUNDLE_IDENTIFIER = com.itachi.PropertyExchange;
				PRODUCT_NAME = "$(TARGET_NAME)";
				SWIFT_OBJC_BRIDGING_HEADER = "PropertyExchange/PropertyExchange-Bridging-Header.h";
				SWIFT_VERSION = 3.0;
			};
			name = Release;
		};
		0BA8FC7C1D9B65DE0050BD61 /* Debug */ = {
			isa = XCBuildConfiguration;
			buildSettings = {
				ALWAYS_EMBED_SWIFT_STANDARD_LIBRARIES = YES;
				BUNDLE_LOADER = "$(TEST_HOST)";
				DEVELOPMENT_TEAM = 63B9F4PKVA;
				INFOPLIST_FILE = PropertyExchangeTests/Info.plist;
				LD_RUNPATH_SEARCH_PATHS = "$(inherited) @executable_path/Frameworks @loader_path/Frameworks";
				PRODUCT_BUNDLE_IDENTIFIER = com.itachi.PropertyExchangeTests;
				PRODUCT_NAME = "$(TARGET_NAME)";
				SWIFT_VERSION = 3.0;
				TEST_HOST = "$(BUILT_PRODUCTS_DIR)/PropertyExchange.app/PropertyExchange";
			};
			name = Debug;
		};
		0BA8FC7D1D9B65DE0050BD61 /* Release */ = {
			isa = XCBuildConfiguration;
			buildSettings = {
				ALWAYS_EMBED_SWIFT_STANDARD_LIBRARIES = YES;
				BUNDLE_LOADER = "$(TEST_HOST)";
				DEVELOPMENT_TEAM = 63B9F4PKVA;
				INFOPLIST_FILE = PropertyExchangeTests/Info.plist;
				LD_RUNPATH_SEARCH_PATHS = "$(inherited) @executable_path/Frameworks @loader_path/Frameworks";
				PRODUCT_BUNDLE_IDENTIFIER = com.itachi.PropertyExchangeTests;
				PRODUCT_NAME = "$(TARGET_NAME)";
				SWIFT_VERSION = 3.0;
				TEST_HOST = "$(BUILT_PRODUCTS_DIR)/PropertyExchange.app/PropertyExchange";
			};
			name = Release;
		};
		0BA8FC7F1D9B65DE0050BD61 /* Debug */ = {
			isa = XCBuildConfiguration;
			buildSettings = {
				ALWAYS_EMBED_SWIFT_STANDARD_LIBRARIES = YES;
				DEVELOPMENT_TEAM = 63B9F4PKVA;
				INFOPLIST_FILE = PropertyExchangeUITests/Info.plist;
				LD_RUNPATH_SEARCH_PATHS = "$(inherited) @executable_path/Frameworks @loader_path/Frameworks";
				PRODUCT_BUNDLE_IDENTIFIER = com.itachi.PropertyExchangeUITests;
				PRODUCT_NAME = "$(TARGET_NAME)";
				SWIFT_VERSION = 3.0;
				TEST_TARGET_NAME = PropertyExchange;
			};
			name = Debug;
		};
		0BA8FC801D9B65DE0050BD61 /* Release */ = {
			isa = XCBuildConfiguration;
			buildSettings = {
				ALWAYS_EMBED_SWIFT_STANDARD_LIBRARIES = YES;
				DEVELOPMENT_TEAM = 63B9F4PKVA;
				INFOPLIST_FILE = PropertyExchangeUITests/Info.plist;
				LD_RUNPATH_SEARCH_PATHS = "$(inherited) @executable_path/Frameworks @loader_path/Frameworks";
				PRODUCT_BUNDLE_IDENTIFIER = com.itachi.PropertyExchangeUITests;
				PRODUCT_NAME = "$(TARGET_NAME)";
				SWIFT_VERSION = 3.0;
				TEST_TARGET_NAME = PropertyExchange;
			};
			name = Release;
		};
/* End XCBuildConfiguration section */

/* Begin XCConfigurationList section */
		0BA8FC461D9B65DE0050BD61 /* Build configuration list for PBXProject "PropertyExchange" */ = {
			isa = XCConfigurationList;
			buildConfigurations = (
				0BA8FC761D9B65DE0050BD61 /* Debug */,
				0BA8FC771D9B65DE0050BD61 /* Release */,
			);
			defaultConfigurationIsVisible = 0;
			defaultConfigurationName = Release;
		};
		0BA8FC781D9B65DE0050BD61 /* Build configuration list for PBXNativeTarget "PropertyExchange" */ = {
			isa = XCConfigurationList;
			buildConfigurations = (
				0BA8FC791D9B65DE0050BD61 /* Debug */,
				0BA8FC7A1D9B65DE0050BD61 /* Release */,
			);
			defaultConfigurationIsVisible = 0;
			defaultConfigurationName = Release;
		};
		0BA8FC7B1D9B65DE0050BD61 /* Build configuration list for PBXNativeTarget "PropertyExchangeTests" */ = {
			isa = XCConfigurationList;
			buildConfigurations = (
				0BA8FC7C1D9B65DE0050BD61 /* Debug */,
				0BA8FC7D1D9B65DE0050BD61 /* Release */,
			);
			defaultConfigurationIsVisible = 0;
			defaultConfigurationName = Release;
		};
		0BA8FC7E1D9B65DE0050BD61 /* Build configuration list for PBXNativeTarget "PropertyExchangeUITests" */ = {
			isa = XCConfigurationList;
			buildConfigurations = (
				0BA8FC7F1D9B65DE0050BD61 /* Debug */,
				0BA8FC801D9B65DE0050BD61 /* Release */,
			);
			defaultConfigurationIsVisible = 0;
			defaultConfigurationName = Release;
		};
/* End XCConfigurationList section */
	};
	rootObject = 0BA8FC431D9B65DE0050BD61 /* Project object */;
}
